// !$*UTF8*$!
{
	archiveVersion = 1;
	classes = {
	};
	objectVersion = 50;
	objects = {

/* Begin PBXBuildFile section */
		121C15A32666D8C300065BE0 /* _0210601_FengZhang_NYCSchoolsApp.swift in Sources */ = {isa = PBXBuildFile; fileRef = 121C15A22666D8C300065BE0 /* _0210601_FengZhang_NYCSchoolsApp.swift */; };
		121C15A52666D8C300065BE0 /* ContentView.swift in Sources */ = {isa = PBXBuildFile; fileRef = 121C15A42666D8C300065BE0 /* ContentView.swift */; };
		121C15A72666D8C400065BE0 /* Assets.xcassets in Resources */ = {isa = PBXBuildFile; fileRef = 121C15A62666D8C400065BE0 /* Assets.xcassets */; };
		121C15AA2666D8C400065BE0 /* Preview Assets.xcassets in Resources */ = {isa = PBXBuildFile; fileRef = 121C15A92666D8C400065BE0 /* Preview Assets.xcassets */; };
		121C15B22666DA8000065BE0 /* SchoolData.swift in Sources */ = {isa = PBXBuildFile; fileRef = 121C15B12666DA8000065BE0 /* SchoolData.swift */; };
		121C15B42667027500065BE0 /* ViewModel.swift in Sources */ = {isa = PBXBuildFile; fileRef = 121C15B32667027500065BE0 /* ViewModel.swift */; };
		121C15B82667CE3C00065BE0 /* BlurView.swift in Sources */ = {isa = PBXBuildFile; fileRef = 121C15B72667CE3C00065BE0 /* BlurView.swift */; };
		121C15BA2667D0A600065BE0 /* screen.swift in Sources */ = {isa = PBXBuildFile; fileRef = 121C15B92667D0A600065BE0 /* screen.swift */; };
/* End PBXBuildFile section */

/* Begin PBXFileReference section */
		121C159F2666D8C300065BE0 /* 20210601-FengZhang-NYCSchools.app */ = {isa = PBXFileReference; explicitFileType = wrapper.application; includeInIndex = 0; path = "20210601-FengZhang-NYCSchools.app"; sourceTree = BUILT_PRODUCTS_DIR; };
		121C15A22666D8C300065BE0 /* _0210601_FengZhang_NYCSchoolsApp.swift */ = {isa = PBXFileReference; lastKnownFileType = sourcecode.swift; path = _0210601_FengZhang_NYCSchoolsApp.swift; sourceTree = "<group>"; };
		121C15A42666D8C300065BE0 /* ContentView.swift */ = {isa = PBXFileReference; lastKnownFileType = sourcecode.swift; path = ContentView.swift; sourceTree = "<group>"; };
		121C15A62666D8C400065BE0 /* Assets.xcassets */ = {isa = PBXFileReference; lastKnownFileType = folder.assetcatalog; path = Assets.xcassets; sourceTree = "<group>"; };
		121C15A92666D8C400065BE0 /* Preview Assets.xcassets */ = {isa = PBXFileReference; lastKnownFileType = folder.assetcatalog; path = "Preview Assets.xcassets"; sourceTree = "<group>"; };
		121C15AB2666D8C400065BE0 /* Info.plist */ = {isa = PBXFileReference; lastKnownFileType = text.plist.xml; path = Info.plist; sourceTree = "<group>"; };
		121C15B12666DA8000065BE0 /* SchoolData.swift */ = {isa = PBXFileReference; lastKnownFileType = sourcecode.swift; path = SchoolData.swift; sourceTree = "<group>"; };
		121C15B32667027500065BE0 /* ViewModel.swift */ = {isa = PBXFileReference; lastKnownFileType = sourcecode.swift; path = ViewModel.swift; sourceTree = "<group>"; };
		121C15B72667CE3C00065BE0 /* BlurView.swift */ = {isa = PBXFileReference; fileEncoding = 4; lastKnownFileType = sourcecode.swift; path = BlurView.swift; sourceTree = "<group>"; };
		121C15B92667D0A600065BE0 /* screen.swift */ = {isa = PBXFileReference; fileEncoding = 4; lastKnownFileType = sourcecode.swift; path = screen.swift; sourceTree = "<group>"; };
/* End PBXFileReference section */

/* Begin PBXFrameworksBuildPhase section */
		121C159C2666D8C300065BE0 /* Frameworks */ = {
			isa = PBXFrameworksBuildPhase;
			buildActionMask = 2147483647;
			files = (
			);
			runOnlyForDeploymentPostprocessing = 0;
		};
/* End PBXFrameworksBuildPhase section */

/* Begin PBXGroup section */
		121C15962666D8C300065BE0 = {
			isa = PBXGroup;
			children = (
				121C15A12666D8C300065BE0 /* 20210601-FengZhang-NYCSchools */,
				121C15A02666D8C300065BE0 /* Products */,
			);
			sourceTree = "<group>";
		};
		121C15A02666D8C300065BE0 /* Products */ = {
			isa = PBXGroup;
			children = (
				121C159F2666D8C300065BE0 /* 20210601-FengZhang-NYCSchools.app */,
			);
			name = Products;
			sourceTree = "<group>";
		};
		121C15A12666D8C300065BE0 /* 20210601-FengZhang-NYCSchools */ = {
			isa = PBXGroup;
			children = (
				121C15A22666D8C300065BE0 /* _0210601_FengZhang_NYCSchoolsApp.swift */,
				121C15B12666DA8000065BE0 /* SchoolData.swift */,
				121C15B32667027500065BE0 /* ViewModel.swift */,
				121C15B72667CE3C00065BE0 /* BlurView.swift */,
				121C15B92667D0A600065BE0 /* screen.swift */,
				121C15A42666D8C300065BE0 /* ContentView.swift */,
				121C15A62666D8C400065BE0 /* Assets.xcassets */,
				121C15AB2666D8C400065BE0 /* Info.plist */,
				121C15A82666D8C400065BE0 /* Preview Content */,
			);
			path = "20210601-FengZhang-NYCSchools";
			sourceTree = "<group>";
		};
		121C15A82666D8C400065BE0 /* Preview Content */ = {
			isa = PBXGroup;
			children = (
				121C15A92666D8C400065BE0 /* Preview Assets.xcassets */,
			);
			path = "Preview Content";
			sourceTree = "<group>";
		};
/* End PBXGroup section */

/* Begin PBXNativeTarget section */
		121C159E2666D8C300065BE0 /* 20210601-FengZhang-NYCSchools */ = {
			isa = PBXNativeTarget;
			buildConfigurationList = 121C15AE2666D8C400065BE0 /* Build configuration list for PBXNativeTarget "20210601-FengZhang-NYCSchools" */;
			buildPhases = (
				121C159B2666D8C300065BE0 /* Sources */,
				121C159C2666D8C300065BE0 /* Frameworks */,
				121C159D2666D8C300065BE0 /* Resources */,
			);
			buildRules = (
			);
			dependencies = (
			);
			name = "20210601-FengZhang-NYCSchools";
			productName = "20210601-FengZhang-NYCSchools";
			productReference = 121C159F2666D8C300065BE0 /* 20210601-FengZhang-NYCSchools.app */;
			productType = "com.apple.product-type.application";
		};
/* End PBXNativeTarget section */

/* Begin PBXProject section */
		121C15972666D8C300065BE0 /* Project object */ = {
			isa = PBXProject;
			attributes = {
				LastSwiftUpdateCheck = 1250;
				LastUpgradeCheck = 1250;
				TargetAttributes = {
					121C159E2666D8C300065BE0 = {
						CreatedOnToolsVersion = 12.5;
					};
				};
			};
			buildConfigurationList = 121C159A2666D8C300065BE0 /* Build configuration list for PBXProject "20210601-FengZhang-NYCSchools" */;
			compatibilityVersion = "Xcode 9.3";
			developmentRegion = en;
			hasScannedForEncodings = 0;
			knownRegions = (
				en,
				Base,
			);
			mainGroup = 121C15962666D8C300065BE0;
			productRefGroup = 121C15A02666D8C300065BE0 /* Products */;
			projectDirPath = "";
			projectRoot = "";
			targets = (
				121C159E2666D8C300065BE0 /* 20210601-FengZhang-NYCSchools */,
			);
		};
/* End PBXProject section */

/* Begin PBXResourcesBuildPhase section */
		121C159D2666D8C300065BE0 /* Resources */ = {
			isa = PBXResourcesBuildPhase;
			buildActionMask = 2147483647;
			files = (
				121C15AA2666D8C400065BE0 /* Preview Assets.xcassets in Resources */,
				121C15A72666D8C400065BE0 /* Assets.xcassets in Resources */,
			);
			runOnlyForDeploymentPostprocessing = 0;
		};
/* End PBXResourcesBuildPhase section */

/* Begin PBXSourcesBuildPhase section */
		121C159B2666D8C300065BE0 /* Sources */ = {
			isa = PBXSourcesBuildPhase;
			buildActionMask = 2147483647;
			files = (
				121C15B22666DA8000065BE0 /* SchoolData.swift in Sources */,
				121C15A52666D8C300065BE0 /* ContentView.swift in Sources */,
				121C15B82667CE3C00065BE0 /* BlurView.swift in Sources */,
				121C15BA2667D0A600065BE0 /* screen.swift in Sources */,
				121C15B42667027500065BE0 /* ViewModel.swift in Sources */,
				121C15A32666D8C300065BE0 /* _0210601_FengZhang_NYCSchoolsApp.swift in Sources */,
			);
			runOnlyForDeploymentPostprocessing = 0;
		};
/* End PBXSourcesBuildPhase section */

/* Begin XCBuildConfiguration section */
		121C15AC2666D8C400065BE0 /* Debug */ = {
			isa = XCBuildConfiguration;
			buildSettings = {
				ALWAYS_SEARCH_USER_PATHS = NO;
				CLANG_ANALYZER_NONNULL = YES;
				CLANG_ANALYZER_NUMBER_OBJECT_CONVERSION = YES_AGGRESSIVE;
				CLANG_CXX_LANGUAGE_STANDARD = "gnu++14";
				CLANG_CXX_LIBRARY = "libc++";
				CLANG_ENABLE_MODULES = YES;
				CLANG_ENABLE_OBJC_ARC = YES;
				CLANG_ENABLE_OBJC_WEAK = YES;
				CLANG_WARN_BLOCK_CAPTURE_AUTORELEASING = YES;
				CLANG_WARN_BOOL_CONVERSION = YES;
				CLANG_WARN_COMMA = YES;
				CLANG_WARN_CONSTANT_CONVERSION = YES;
				CLANG_WARN_DEPRECATED_OBJC_IMPLEMENTATIONS = YES;
				CLANG_WARN_DIRECT_OBJC_ISA_USAGE = YES_ERROR;
				CLANG_WARN_DOCUMENTATION_COMMENTS = YES;
				CLANG_WARN_EMPTY_BODY = YES;
				CLANG_WARN_ENUM_CONVERSION = YES;
				CLANG_WARN_INFINITE_RECURSION = YES;
				CLANG_WARN_INT_CONVERSION = YES;
				CLANG_WARN_NON_LITERAL_NULL_CONVERSION = YES;
				CLANG_WARN_OBJC_IMPLICIT_RETAIN_SELF = YES;
				CLANG_WARN_OBJC_LITERAL_CONVERSION = YES;
				CLANG_WARN_OBJC_ROOT_CLASS = YES_ERROR;
				CLANG_WARN_QUOTED_INCLUDE_IN_FRAMEWORK_HEADER = YES;
				CLANG_WARN_RANGE_LOOP_ANALYSIS = YES;
				CLANG_WARN_STRICT_PROTOTYPES = YES;
				CLANG_WARN_SUSPICIOUS_MOVE = YES;
				CLANG_WARN_UNGUARDED_AVAILABILITY = YES_AGGRESSIVE;
				CLANG_WARN_UNREACHABLE_CODE = YES;
				CLANG_WARN__DUPLICATE_METHOD_MATCH = YES;
				COPY_PHASE_STRIP = NO;
				DEBUG_INFORMATION_FORMAT = dwarf;
				ENABLE_STRICT_OBJC_MSGSEND = YES;
				ENABLE_TESTABILITY = YES;
				GCC_C_LANGUAGE_STANDARD = gnu11;
				GCC_DYNAMIC_NO_PIC = NO;
				GCC_NO_COMMON_BLOCKS = YES;
				GCC_OPTIMIZATION_LEVEL = 0;
				GCC_PREPROCESSOR_DEFINITIONS = (
					"DEBUG=1",
					"$(inherited)",
				);
				GCC_WARN_64_TO_32_BIT_CONVERSION = YES;
				GCC_WARN_ABOUT_RETURN_TYPE = YES_ERROR;
				GCC_WARN_UNDECLARED_SELECTOR = YES;
				GCC_WARN_UNINITIALIZED_AUTOS = YES_AGGRESSIVE;
				GCC_WARN_UNUSED_FUNCTION = YES;
				GCC_WARN_UNUSED_VARIABLE = YES;
				IPHONEOS_DEPLOYMENT_TARGET = 14.5;
				MTL_ENABLE_DEBUG_INFO = INCLUDE_SOURCE;
				MTL_FAST_MATH = YES;
				ONLY_ACTIVE_ARCH = YES;
				SDKROOT = iphoneos;
				SWIFT_ACTIVE_COMPILATION_CONDITIONS = DEBUG;
				SWIFT_OPTIMIZATION_LEVEL = "-Onone";
			};
			name = Debug;
		};
		121C15AD2666D8C400065BE0 /* Release */ = {
			isa = XCBuildConfiguration;
			buildSettings = {
				ALWAYS_SEARCH_USER_PATHS = NO;
				CLANG_ANALYZER_NONNULL = YES;
				CLANG_ANALYZER_NUMBER_OBJECT_CONVERSION = YES_AGGRESSIVE;
				CLANG_CXX_LANGUAGE_STANDARD = "gnu++14";
				CLANG_CXX_LIBRARY = "libc++";
				CLANG_ENABLE_MODULES = YES;
				CLANG_ENABLE_OBJC_ARC = YES;
				CLANG_ENABLE_OBJC_WEAK = YES;
				CLANG_WARN_BLOCK_CAPTURE_AUTORELEASING = YES;
				CLANG_WARN_BOOL_CONVERSION = YES;
				CLANG_WARN_COMMA = YES;
				CLANG_WARN_CONSTANT_CONVERSION = YES;
				CLANG_WARN_DEPRECATED_OBJC_IMPLEMENTATIONS = YES;
				CLANG_WARN_DIRECT_OBJC_ISA_USAGE = YES_ERROR;
				CLANG_WARN_DOCUMENTATION_COMMENTS = YES;
				CLANG_WARN_EMPTY_BODY = YES;
				CLANG_WARN_ENUM_CONVERSION = YES;
				CLANG_WARN_INFINITE_RECURSION = YES;
				CLANG_WARN_INT_CONVERSION = YES;
				CLANG_WARN_NON_LITERAL_NULL_CONVERSION = YES;
				CLANG_WARN_OBJC_IMPLICIT_RETAIN_SELF = YES;
				CLANG_WARN_OBJC_LITERAL_CONVERSION = YES;
				CLANG_WARN_OBJC_ROOT_CLASS = YES_ERROR;
				CLANG_WARN_QUOTED_INCLUDE_IN_FRAMEWORK_HEADER = YES;
				CLANG_WARN_RANGE_LOOP_ANALYSIS = YES;
				CLANG_WARN_STRICT_PROTOTYPES = YES;
				CLANG_WARN_SUSPICIOUS_MOVE = YES;
				CLANG_WARN_UNGUARDED_AVAILABILITY = YES_AGGRESSIVE;
				CLANG_WARN_UNREACHABLE_CODE = YES;
				CLANG_WARN__DUPLICATE_METHOD_MATCH = YES;
				COPY_PHASE_STRIP = NO;
				DEBUG_INFORMATION_FORMAT = "dwarf-with-dsym";
				ENABLE_NS_ASSERTIONS = NO;
				ENABLE_STRICT_OBJC_MSGSEND = YES;
				GCC_C_LANGUAGE_STANDARD = gnu11;
				GCC_NO_COMMON_BLOCKS = YES;
				GCC_WARN_64_TO_32_BIT_CONVERSION = YES;
				GCC_WARN_ABOUT_RETURN_TYPE = YES_ERROR;
				GCC_WARN_UNDECLARED_SELECTOR = YES;
				GCC_WARN_UNINITIALIZED_AUTOS = YES_AGGRESSIVE;
				GCC_WARN_UNUSED_FUNCTION = YES;
				GCC_WARN_UNUSED_VARIABLE = YES;
				IPHONEOS_DEPLOYMENT_TARGET = 14.5;
				MTL_ENABLE_DEBUG_INFO = NO;
				MTL_FAST_MATH = YES;
				SDKROOT = iphoneos;
				SWIFT_COMPILATION_MODE = wholemodule;
				SWIFT_OPTIMIZATION_LEVEL = "-O";
				VALIDATE_PRODUCT = YES;
			};
			name = Release;
		};
		121C15AF2666D8C400065BE0 /* Debug */ = {
			isa = XCBuildConfiguration;
			buildSettings = {
				ASSETCATALOG_COMPILER_APPICON_NAME = AppIcon;
				ASSETCATALOG_COMPILER_GLOBAL_ACCENT_COLOR_NAME = AccentColor;
				CODE_SIGN_STYLE = Automatic;
				DEVELOPMENT_ASSET_PATHS = "\"20210601-FengZhang-NYCSchools/Preview Content\"";
				DEVELOPMENT_TEAM = HQ87U6LBKD;
				ENABLE_PREVIEWS = YES;
				INFOPLIST_FILE = "20210601-FengZhang-NYCSchools/Info.plist";
				IPHONEOS_DEPLOYMENT_TARGET = 14.0;
				LD_RUNPATH_SEARCH_PATHS = (
					"$(inherited)",
					"@executable_path/Frameworks",
				);
				PRODUCT_BUNDLE_IDENTIFIER = "Inovation-Engine.-0210601-FengZhang-NYCSchools";
				PRODUCT_NAME = "$(TARGET_NAME)";
				SWIFT_VERSION = 5.0;
				TARGETED_DEVICE_FAMILY = "1,2";
			};
			name = Debug;
		};
		121C15B02666D8C400065BE0 /* Release */ = {
			isa = XCBuildConfiguration;
			buildSettings = {
				ASSETCATALOG_COMPILER_APPICON_NAME = AppIcon;
				ASSETCATALOG_COMPILER_GLOBAL_ACCENT_COLOR_NAME = AccentColor;
				CODE_SIGN_STYLE = Automatic;
				DEVELOPMENT_ASSET_PATHS = "\"20210601-FengZhang-NYCSchools/Preview Content\"";
				DEVELOPMENT_TEAM = HQ87U6LBKD;
				ENABLE_PREVIEWS = YES;
				INFOPLIST_FILE = "20210601-FengZhang-NYCSchools/Info.plist";
				IPHONEOS_DEPLOYMENT_TARGET = 14.0;
				LD_RUNPATH_SEARCH_PATHS = (
					"$(inherited)",
					"@executable_path/Frameworks",
				);
				PRODUCT_BUNDLE_IDENTIFIER = "Inovation-Engine.-0210601-FengZhang-NYCSchools";
				PRODUCT_NAME = "$(TARGET_NAME)";
				SWIFT_VERSION = 5.0;
				TARGETED_DEVICE_FAMILY = "1,2";
			};
			name = Release;
		};
/* End XCBuildConfiguration section */

/* Begin XCConfigurationList section */
		121C159A2666D8C300065BE0 /* Build configuration list for PBXProject "20210601-FengZhang-NYCSchools" */ = {
			isa = XCConfigurationList;
			buildConfigurations = (
				121C15AC2666D8C400065BE0 /* Debug */,
				121C15AD2666D8C400065BE0 /* Release */,
			);
			defaultConfigurationIsVisible = 0;
			defaultConfigurationName = Release;
		};
		121C15AE2666D8C400065BE0 /* Build configuration list for PBXNativeTarget "20210601-FengZhang-NYCSchools" */ = {
			isa = XCConfigurationList;
			buildConfigurations = (
				121C15AF2666D8C400065BE0 /* Debug */,
				121C15B02666D8C400065BE0 /* Release */,
			);
			defaultConfigurationIsVisible = 0;
			defaultConfigurationName = Release;
		};
/* End XCConfigurationList section */
	};
	rootObject = 121C15972666D8C300065BE0 /* Project object */;
}
